
Microsoft Visual Studio Solution File, Format Version 12.00
# Visual Studio Version 17
VisualStudioVersion = 17.13.35919.96
MinimumVisualStudioVersion = 10.0.40219.1
Project("{FAE04EC0-301F-11D3-BF4B-00C04F79EFBC}") = "WeatherFunctionApp", "WeatherFunctionApp.csproj", "{57EC934B-0FA2-22F7-D514-BB8BAC5AD3BB}"
EndProject
Project("{FAE04EC0-301F-11D3-BF4B-00C04F79EFBC}") = "Abstraction", "..\Abstraction\Abstraction.csproj", "{E2EA36AF-B6C8-294E-7069-4FCF3E05EEC6}"
EndProject
Project("{FAE04EC0-301F-11D3-BF4B-00C04F79EFBC}") = "Core", "..\Core\Core.csproj", "{D5731C0E-5492-25B1-FA4D-E8F72BDD01C6}"
EndProject
Project("{FAE04EC0-301F-11D3-BF4B-00C04F79EFBC}") = "Services", "..\Services\Services.csproj", "{6383C15B-5AA6-14CC-E6DE-B8C238620A33}"
EndProject
Project("{FAE04EC0-301F-11D3-BF4B-00C04F79EFBC}") = "Tests", "..\Tests\Tests.csproj", "{CCD1E86B-41DA-4B14-849D-7253DC8002F8}"
EndProject
Global
	GlobalSection(SolutionConfigurationPlatforms) = preSolution
		Debug|Any CPU = Debug|Any CPU
		Release|Any CPU = Release|Any CPU
	EndGlobalSection
	GlobalSection(ProjectConfigurationPlatforms) = postSolution
		{57EC934B-0FA2-22F7-D514-BB8BAC5AD3BB}.Debug|Any CPU.ActiveCfg = Debug|Any CPU
		{57EC934B-0FA2-22F7-D514-BB8BAC5AD3BB}.Debug|Any CPU.Build.0 = Debug|Any CPU
		{57EC934B-0FA2-22F7-D514-BB8BAC5AD3BB}.Release|Any CPU.ActiveCfg = Release|Any CPU
		{57EC934B-0FA2-22F7-D514-BB8BAC5AD3BB}.Release|Any CPU.Build.0 = Release|Any CPU
		{E2EA36AF-B6C8-294E-7069-4FCF3E05EEC6}.Debug|Any CPU.ActiveCfg = Debug|Any CPU
		{E2EA36AF-B6C8-294E-7069-4FCF3E05EEC6}.Debug|Any CPU.Build.0 = Debug|Any CPU
		{E2EA36AF-B6C8-294E-7069-4FCF3E05EEC6}.Release|Any CPU.ActiveCfg = Release|Any CPU
		{E2EA36AF-B6C8-294E-7069-4FCF3E05EEC6}.Release|Any CPU.Build.0 = Release|Any CPU
		{D5731C0E-5492-25B1-FA4D-E8F72BDD01C6}.Debug|Any CPU.ActiveCfg = Debug|Any CPU
		{D5731C0E-5492-25B1-FA4D-E8F72BDD01C6}.Debug|Any CPU.Build.0 = Debug|Any CPU
		{D5731C0E-5492-25B1-FA4D-E8F72BDD01C6}.Release|Any CPU.ActiveCfg = Release|Any CPU
		{D5731C0E-5492-25B1-FA4D-E8F72BDD01C6}.Release|Any CPU.Build.0 = Release|Any CPU
		{6383C15B-5AA6-14CC-E6DE-B8C238620A33}.Debug|Any CPU.ActiveCfg = Debug|Any CPU
		{6383C15B-5AA6-14CC-E6DE-B8C238620A33}.Debug|Any CPU.Build.0 = Debug|Any CPU
		{6383C15B-5AA6-14CC-E6DE-B8C238620A33}.Release|Any CPU.ActiveCfg = Release|Any CPU
		{6383C15B-5AA6-14CC-E6DE-B8C238620A33}.Release|Any CPU.Build.0 = Release|Any CPU
		{CCD1E86B-41DA-4B14-849D-7253DC8002F8}.Debug|Any CPU.ActiveCfg = Debug|Any CPU
		{CCD1E86B-41DA-4B14-849D-7253DC8002F8}.Debug|Any CPU.Build.0 = Debug|Any CPU
		{CCD1E86B-41DA-4B14-849D-7253DC8002F8}.Release|Any CPU.ActiveCfg = Release|Any CPU
		{CCD1E86B-41DA-4B14-849D-7253DC8002F8}.Release|Any CPU.Build.0 = Release|Any CPU
	EndGlobalSection
	GlobalSection(SolutionProperties) = preSolution
		HideSolutionNode = FALSE
	EndGlobalSection
	GlobalSection(ExtensibilityGlobals) = postSolution
		SolutionGuid = {FEC4DA85-F790-44A1-A3A6-10B38BE5B9FF}
	EndGlobalSection
EndGlobal
